
Microsoft Visual Studio Solution File, Format Version 12.00
# Visual Studio Version 16
VisualStudioVersion = 16.0.29709.97
MinimumVisualStudioVersion = 10.0.40219.1
Project("{FAE04EC0-301F-11D3-BF4B-00C04F79EFBC}") = "ShoppingCart", "ShoppingCart\ShoppingCart.csproj", "{D80746A0-0EFB-4C9D-9974-EF7CDFE61480}"
EndProject
Global
	GlobalSection(SolutionConfigurationPlatforms) = preSolution
		Debug|Any CPU = Debug|Any CPU
		Release|Any CPU = Release|Any CPU
	EndGlobalSection
	GlobalSection(ProjectConfigurationPlatforms) = postSolution
		{D80746A0-0EFB-4C9D-9974-EF7CDFE61480}.Debug|Any CPU.ActiveCfg = Debug|Any CPU
		{D80746A0-0EFB-4C9D-9974-EF7CDFE61480}.Debug|Any CPU.Build.0 = Debug|Any CPU
		{D80746A0-0EFB-4C9D-9974-EF7CDFE61480}.Release|Any CPU.ActiveCfg = Release|Any CPU
		{D80746A0-0EFB-4C9D-9974-EF7CDFE61480}.Release|Any CPU.Build.0 = Release|Any CPU
	EndGlobalSection
	GlobalSection(SolutionProperties) = preSolution
		HideSolutionNode = FALSE
	EndGlobalSection
	GlobalSection(ExtensibilityGlobals) = postSolution
		SolutionGuid = {79E197DC-339A-4D76-A238-4B2C1E3B6B71}
	EndGlobalSection
EndGlobal
